
Microsoft Visual Studio Solution File, Format Version 12.00
# Visual Studio 14
VisualStudioVersion = 14.0.23107.0
MinimumVisualStudioVersion = 10.0.40219.1
Project("{FAE04EC0-301F-11D3-BF4B-00C04F79EFBC}") = "CleanArchitectureDemo.Presentation.Web", "CleanArchitectureDemo.Presentation.Web\CleanArchitectureDemo.Presentation.Web.csproj", "{9184B26B-EA01-4480-9171-FA63EA28FAB6}"
EndProject
Project("{FAE04EC0-301F-11D3-BF4B-00C04F79EFBC}") = "CleanArchitectureDemo.Presentation.Web.Tests", "CleanArchitectureDemo.Presentation.Web.Tests\CleanArchitectureDemo.Presentation.Web.Tests.csproj", "{7AC5D08B-E7A4-485E-A03F-2AB7AB0E4729}"
EndProject
Project("{FAE04EC0-301F-11D3-BF4B-00C04F79EFBC}") = "CleanArchitectureDemo.Domain", "CleanArchitectureDemo.Entities\CleanArchitectureDemo.Domain.csproj", "{1114F009-BBF0-494B-AEDE-9E57BD45C369}"
EndProject
Project("{2150E333-8FDC-42A3-9474-1A3956D46DE8}") = "1. Domain", "1. Domain", "{CFA1F466-5710-4E8C-BCA2-8B5DE622E153}"
EndProject
Project("{2150E333-8FDC-42A3-9474-1A3956D46DE8}") = "2. Presentation", "2. Presentation", "{5667164C-D75D-48E2-A5B7-E9A4685B77CB}"
EndProject
Project("{2150E333-8FDC-42A3-9474-1A3956D46DE8}") = "3. Infrastructure", "3. Infrastructure", "{9210DF48-4DFA-4E2C-8836-6755F4954B6E}"
EndProject
Global
	GlobalSection(SolutionConfigurationPlatforms) = preSolution
		Debug|Any CPU = Debug|Any CPU
		Release|Any CPU = Release|Any CPU
	EndGlobalSection
	GlobalSection(ProjectConfigurationPlatforms) = postSolution
		{9184B26B-EA01-4480-9171-FA63EA28FAB6}.Debug|Any CPU.ActiveCfg = Debug|Any CPU
		{9184B26B-EA01-4480-9171-FA63EA28FAB6}.Debug|Any CPU.Build.0 = Debug|Any CPU
		{9184B26B-EA01-4480-9171-FA63EA28FAB6}.Release|Any CPU.ActiveCfg = Release|Any CPU
		{9184B26B-EA01-4480-9171-FA63EA28FAB6}.Release|Any CPU.Build.0 = Release|Any CPU
		{7AC5D08B-E7A4-485E-A03F-2AB7AB0E4729}.Debug|Any CPU.ActiveCfg = Debug|Any CPU
		{7AC5D08B-E7A4-485E-A03F-2AB7AB0E4729}.Debug|Any CPU.Build.0 = Debug|Any CPU
		{7AC5D08B-E7A4-485E-A03F-2AB7AB0E4729}.Release|Any CPU.ActiveCfg = Release|Any CPU
		{7AC5D08B-E7A4-485E-A03F-2AB7AB0E4729}.Release|Any CPU.Build.0 = Release|Any CPU
		{1114F009-BBF0-494B-AEDE-9E57BD45C369}.Debug|Any CPU.ActiveCfg = Debug|Any CPU
		{1114F009-BBF0-494B-AEDE-9E57BD45C369}.Debug|Any CPU.Build.0 = Debug|Any CPU
		{1114F009-BBF0-494B-AEDE-9E57BD45C369}.Release|Any CPU.ActiveCfg = Release|Any CPU
		{1114F009-BBF0-494B-AEDE-9E57BD45C369}.Release|Any CPU.Build.0 = Release|Any CPU
	EndGlobalSection
	GlobalSection(SolutionProperties) = preSolution
		HideSolutionNode = FALSE
	EndGlobalSection
	GlobalSection(NestedProjects) = preSolution
		{9184B26B-EA01-4480-9171-FA63EA28FAB6} = {5667164C-D75D-48E2-A5B7-E9A4685B77CB}
		{1114F009-BBF0-494B-AEDE-9E57BD45C369} = {CFA1F466-5710-4E8C-BCA2-8B5DE622E153}
	EndGlobalSection
EndGlobal
